# @generated - this file is auto-generated by `mise lock` https://mise.jdx.dev/dev-tools/mise-lock.html

lockfile_version = 1

[[tools.actionlint]]
version = "1.7.12"
backend = "aqua:rhysd/actionlint"
specifiers = ["1.7.12"]

[tools.actionlint."platforms.linux-arm64"]
checksum = "sha256:325e971b6ba9bfa504672e29be93c24981eeb1c07576d730e9f7c8805afff0c6"
url = "https://github.com/rhysd/actionlint/releases/download/v1.7.12/actionlint_1.7.12_linux_arm64.tar.gz"
url_api = "https://api.github.com/repos/rhysd/actionlint/releases/assets/384924897"
provenance = "github-attestations"

[tools.actionlint."platforms.linux-x64"]
checksum = "sha256:8aca8db96f1b94770f1b0d72b6dddcb1ebb8123cb3712530b08cc387b349a3d8"
url = "https://github.com/rhysd/actionlint/releases/download/v1.7.12/actionlint_1.7.12_linux_amd64.tar.gz"
url_api = "https://api.github.com/repos/rhysd/actionlint/releases/assets/384924896"
provenance = "github-attestations"

[tools.actionlint."platforms.macos-arm64"]
checksum = "sha256:aba9ced2dee8d27fecca3dc7feb1a7f9a52caefa1eb46f3271ea66b6e0e6953f"
url = "https://github.com/rhysd/actionlint/releases/download/v1.7.12/actionlint_1.7.12_darwin_arm64.tar.gz"
url_api = "https://api.github.com/repos/rhysd/actionlint/releases/assets/384924893"
provenance = "github-attestations"

[tools.actionlint."platforms.macos-x64"]
checksum = "sha256:5b44c3bc2255115c9b69e30efc0fecdf498fdb63c5d58e17084fd5f16324c644"
url = "https://github.com/rhysd/actionlint/releases/download/v1.7.12/actionlint_1.7.12_darwin_amd64.tar.gz"
url_api = "https://api.github.com/repos/rhysd/actionlint/releases/assets/384924880"
provenance = "github-attestations"

[[tools."aqua:grafana/flint"]]
version = "0.22.11"
backend = "aqua:grafana/flint"
specifiers = ["0.22.11"]

[tools."aqua:grafana/flint"."platforms.linux-arm64"]
checksum = "sha256:a197969873591f857833f7c71ab66506a4050e0a12cf1872b09741652d20e99c"
url = "https://github.com/grafana/flint/releases/download/v0.22.11/flint-aarch64-unknown-linux-gnu.tar.gz"
url_api = "https://api.github.com/repos/grafana/flint/releases/assets/522530497"
provenance = "github-attestations"

[tools."aqua:grafana/flint"."platforms.linux-x64"]
checksum = "sha256:8c2400345fee126864183b96f8ec8a0f646b2c09abcd9ff25c7a0e56caa6f822"
url = "https://github.com/grafana/flint/releases/download/v0.22.11/flint-x86_64-unknown-linux-gnu.tar.gz"
url_api = "https://api.github.com/repos/grafana/flint/releases/assets/522529698"
provenance = "github-attestations"

[tools."aqua:grafana/flint"."platforms.macos-arm64"]
checksum = "sha256:a93e428a2561af80bad79810ce23dbab13e9d39519bfdbb6625e902d2b06f8fa"
url = "https://github.com/grafana/flint/releases/download/v0.22.11/flint-aarch64-apple-darwin.tar.gz"
url_api = "https://api.github.com/repos/grafana/flint/releases/assets/522531026"
provenance = "github-attestations"

[tools."aqua:grafana/flint"."platforms.macos-x64"]
checksum = "sha256:c42ceb2cc835ec37b04f78215c243ebd24109f713757fbfffe7e4bc0c537a2ac"
url = "https://github.com/grafana/flint/releases/download/v0.22.11/flint-x86_64-apple-darwin.tar.gz"
url_api = "https://api.github.com/repos/grafana/flint/releases/assets/522533290"
provenance = "github-attestations"

[[tools."aqua:owenlamont/ryl"]]
version = "0.22.0"
backend = "aqua:owenlamont/ryl"
specifiers = ["0.22.0"]

[tools."aqua:owenlamont/ryl"."platforms.linux-arm64"]
checksum = "sha256:1045ea5807ae274c0812f63f73469018b58f822c8987e22b71f9995be971a6dd"
url = "https://github.com/owenlamont/ryl/releases/download/v0.22.0/ryl-aarch64-unknown-linux-gnu.tar.gz"
url_api = "https://api.github.com/repos/owenlamont/ryl/releases/assets/547221094"
provenance = "github-attestations"

[tools."aqua:owenlamont/ryl"."platforms.linux-x64"]
checksum = "sha256:e51be237168ff44c8e28caca87db35c15ac5c943bba5edba0e72465b51add524"
url = "https://github.com/owenlamont/ryl/releases/download/v0.22.0/ryl-x86_64-unknown-linux-gnu.tar.gz"
url_api = "https://api.github.com/repos/owenlamont/ryl/releases/assets/547221116"
provenance = "github-attestations"

[tools."aqua:owenlamont/ryl"."platforms.macos-arm64"]
checksum = "sha256:512051556cc92b3bfcb21c434072dcb3de7088af4982439ff0cce7888819f501"
url = "https://github.com/owenlamont/ryl/releases/download/v0.22.0/ryl-aarch64-apple-darwin.tar.gz"
url_api = "https://api.github.com/repos/owenlamont/ryl/releases/assets/547221097"
provenance = "github-attestations"

[[tools.biome]]
version = "2.5.12"
backend = "aqua:biomejs/biome"
specifiers = ["2.5.12"]

[tools.biome."platforms.linux-arm64"]
checksum = "sha256:4c1c9908e5cfd5d327e4ac3205baa13b1d3dfd24f184ed289a0c0ef1b2e0274f"
url = "https://github.com/biomejs/biome/releases/download/%40biomejs/biome%402.5.12/biome-linux-arm64"
url_api = "https://api.github.com/repos/biomejs/biome/releases/assets/542381059"
provenance = "github-attestations"

[tools.biome."platforms.linux-x64"]
checksum = "sha256:e2475688799c9e78dd25ba5cf676676ffe74caf182a35082b1d22039151fdf63"
url = "https://github.com/biomejs/biome/releases/download/%40biomejs/biome%402.5.12/biome-linux-x64"
url_api = "https://api.github.com/repos/biomejs/biome/releases/assets/542381054"
provenance = "github-attestations"

[tools.biome."platforms.macos-arm64"]
checksum = "sha256:0e8d513eb6c612236b47ccf0e218ac3917d863d41f853c65c38410774daa26ed"
url = "https://github.com/biomejs/biome/releases/download/%40biomejs/biome%402.5.12/biome-darwin-arm64"
url_api = "https://api.github.com/repos/biomejs/biome/releases/assets/542381062"
provenance = "github-attestations"

[tools.biome."platforms.macos-x64"]
checksum = "sha256:0680097ec839fadc82451634680e39b9b7e48cc4334ef920525850b4d8f54a8b"
url = "https://github.com/biomejs/biome/releases/download/%40biomejs/biome%402.5.12/biome-darwin-x64"
url_api = "https://api.github.com/repos/biomejs/biome/releases/assets/542381057"
provenance = "github-attestations"

[[tools.hk]]
version = "1.58.1"
backend = "aqua:jdx/hk"
specifiers = ["1.58.1"]

[tools.hk."platforms.linux-arm64"]
checksum = "sha256:0972e05774ea3651fd521676c1bc6411333fe4404beb4a48067e10b54dfd1b4d"
url = "https://github.com/jdx/hk/releases/download/v1.58.1/hk-aarch64-unknown-linux-gnu.tar.gz"
url_api = "https://api.github.com/repos/jdx/hk/releases/assets/546232324"

[tools.hk."platforms.linux-x64"]
checksum = "sha256:8139133a70ed7cf1d4a0f2f19c26b1b68d714d81af91b2b1f42c4c524afc0fe5"
url = "https://github.com/jdx/hk/releases/download/v1.58.1/hk-x86_64-unknown-linux-gnu.tar.gz"
url_api = "https://api.github.com/repos/jdx/hk/releases/assets/546232333"

[tools.hk."platforms.macos-arm64"]
checksum = "sha256:5529d95c63ea3ba9318f551e19760998a9ddf7ed926a14daf39dc46717ab32bf"
url = "https://github.com/jdx/hk/releases/download/v1.58.1/hk-aarch64-apple-darwin.tar.gz"
url_api = "https://api.github.com/repos/jdx/hk/releases/assets/546232326"

[[tools.node]]
version = "24.20.0"
backend = "core:node"
specifiers = ["24.20.0"]

[tools.node."platforms.linux-arm64"]
checksum = "sha256:3515603e2487879a39bc75716f1a2affd027500c64ba50e845cf72cb33219013"
url = "https://nodejs.org/dist/v24.20.0/node-v24.20.0-linux-arm64.tar.gz"

[tools.node."platforms.linux-x64"]
checksum = "sha256:855d581f8a4eb1a8117e3426de25fe02770592febcfb31369aee1ffbfee9e8ec"
url = "https://nodejs.org/dist/v24.20.0/node-v24.20.0-linux-x64.tar.gz"

[tools.node."platforms.macos-arm64"]
checksum = "sha256:40e5607e5ecb3db9192723776da2d75d966260fc74a7a9e731c1bd67dda96bc8"
url = "https://nodejs.org/dist/v24.20.0/node-v24.20.0-darwin-arm64.tar.gz"

[tools.node."platforms.macos-x64"]
checksum = "sha256:9e5b2644cf107befb6aefca676b96d3296bc10138096f022ed378d6233ed81f4"
url = "https://nodejs.org/dist/v24.20.0/node-v24.20.0-darwin-x64.tar.gz"

[[tools."npm:doctoc"]]
version = "2.5.0"
backend = "npm:doctoc"
specifiers = ["2.5.0"]

[[tools.rumdl]]
version = "0.2.68"
backend = "aqua:rvben/rumdl"
specifiers = ["0.2.68"]

[tools.rumdl."platforms.linux-arm64"]
checksum = "sha256:7f32d4ead0c789089e959ddfeb36458c45096d237569e4411f720bb01b7e3b06"
url = "https://github.com/rvben/rumdl/releases/download/v0.2.68/rumdl-v0.2.68-aarch64-unknown-linux-gnu.tar.gz"
url_api = "https://api.github.com/repos/rvben/rumdl/releases/assets/549037309"
provenance = "github-attestations"

[tools.rumdl."platforms.linux-x64"]
checksum = "sha256:a5fbbc1ab31400b16896f3e00192f931f766e3374ec5e31aadcd2114533f4f8b"
url = "https://github.com/rvben/rumdl/releases/download/v0.2.68/rumdl-v0.2.68-x86_64-unknown-linux-gnu.tar.gz"
url_api = "https://api.github.com/repos/rvben/rumdl/releases/assets/549037306"
provenance = "github-attestations"

[tools.rumdl."platforms.macos-arm64"]
checksum = "sha256:728edeb26be049819dd923b3fbe4d2425fb90c350c3d4132079f3162553c6330"
url = "https://github.com/rvben/rumdl/releases/download/v0.2.68/rumdl-v0.2.68-aarch64-apple-darwin.tar.gz"
url_api = "https://api.github.com/repos/rvben/rumdl/releases/assets/549037314"
provenance = "github-attestations"

[tools.rumdl."platforms.macos-x64"]
checksum = "sha256:d1f66d8c9f74f18794a9fa76c13a89d2d159716c37091b407f22c89bd7eca124"
url = "https://github.com/rvben/rumdl/releases/download/v0.2.68/rumdl-v0.2.68-x86_64-apple-darwin.tar.gz"
url_api = "https://api.github.com/repos/rvben/rumdl/releases/assets/549037308"
provenance = "github-attestations"

[[tools.shellcheck]]
version = "0.11.0"
backend = "aqua:koalaman/shellcheck"
specifiers = ["0.11.0"]

[tools.shellcheck."platforms.linux-arm64"]
checksum = "sha256:12b331c1d2db6b9eb13cfca64306b1b157a86eb69db83023e261eaa7e7c14588"
url = "https://github.com/koalaman/shellcheck/releases/download/v0.11.0/shellcheck-v0.11.0.linux.aarch64.tar.xz"
url_api = "https://api.github.com/repos/koalaman/shellcheck/releases/assets/279056934"

[tools.shellcheck."platforms.linux-x64"]
checksum = "sha256:8c3be12b05d5c177a04c29e3c78ce89ac86f1595681cab149b65b97c4e227198"
url = "https://github.com/koalaman/shellcheck/releases/download/v0.11.0/shellcheck-v0.11.0.linux.x86_64.tar.xz"
url_api = "https://api.github.com/repos/koalaman/shellcheck/releases/assets/279056942"

[tools.shellcheck."platforms.macos-arm64"]
checksum = "sha256:56affdd8de5527894dca6dc3d7e0a99a873b0f004d7aabc30ae407d3f48b0a79"
url = "https://github.com/koalaman/shellcheck/releases/download/v0.11.0/shellcheck-v0.11.0.darwin.aarch64.tar.xz"
url_api = "https://api.github.com/repos/koalaman/shellcheck/releases/assets/279056932"

[tools.shellcheck."platforms.macos-x64"]
checksum = "sha256:3c89db4edcab7cf1c27bff178882e0f6f27f7afdf54e859fa041fca10febe4c6"
url = "https://github.com/koalaman/shellcheck/releases/download/v0.11.0/shellcheck-v0.11.0.darwin.x86_64.tar.xz"
url_api = "https://api.github.com/repos/koalaman/shellcheck/releases/assets/279056930"

[[tools.taplo]]
version = "0.10.0"
backend = "aqua:tamasfe/taplo"
specifiers = ["0.10.0"]

[tools.taplo."platforms.linux-arm64"]
url = "https://github.com/tamasfe/taplo/releases/download/0.10.0/taplo-linux-aarch64.gz"
url_api = "https://api.github.com/repos/tamasfe/taplo/releases/assets/257322597"

[tools.taplo."platforms.linux-x64"]
url = "https://github.com/tamasfe/taplo/releases/download/0.10.0/taplo-linux-x86_64.gz"
url_api = "https://api.github.com/repos/tamasfe/taplo/releases/assets/257322600"

[tools.taplo."platforms.macos-arm64"]
url = "https://github.com/tamasfe/taplo/releases/download/0.10.0/taplo-darwin-aarch64.gz"
url_api = "https://api.github.com/repos/tamasfe/taplo/releases/assets/257323110"

[tools.taplo."platforms.macos-x64"]
url = "https://github.com/tamasfe/taplo/releases/download/0.10.0/taplo-darwin-x86_64.gz"
url_api = "https://api.github.com/repos/tamasfe/taplo/releases/assets/257323116"

[[tools.zizmor]]
version = "1.30.0"
backend = "aqua:zizmorcore/zizmor"
specifiers = ["1.30.0"]

[tools.zizmor."platforms.linux-arm64"]
checksum = "sha256:018a024d6b6d09733b07f6ef42838d984c23ec04bc9b2acd55f7d67826aeafe5"
url = "https://github.com/zizmorcore/zizmor/releases/download/v1.30.0/zizmor-aarch64-unknown-linux-gnu.tar.gz"
url_api = "https://api.github.com/repos/zizmorcore/zizmor/releases/assets/537081734"
provenance = "github-attestations"

[tools.zizmor."platforms.linux-x64"]
checksum = "sha256:ec8c95cd800845abb9bbc5f377ec7c57d2eb8e2386a00a201d3a74ee4092e5ed"
url = "https://github.com/zizmorcore/zizmor/releases/download/v1.30.0/zizmor-x86_64-unknown-linux-gnu.tar.gz"
url_api = "https://api.github.com/repos/zizmorcore/zizmor/releases/assets/537081732"
provenance = "github-attestations"

[tools.zizmor."platforms.macos-arm64"]
checksum = "sha256:c9c5d83730efb86f2cd71b487605c00a4d63903e4f9458485ed5eac3b1924ab1"
url = "https://github.com/zizmorcore/zizmor/releases/download/v1.30.0/zizmor-aarch64-apple-darwin.tar.gz"
url_api = "https://api.github.com/repos/zizmorcore/zizmor/releases/assets/537081737"
provenance = "github-attestations"

[tools.zizmor."platforms.macos-x64"]
checksum = "sha256:343c85c8f709edf14bf3c8781d53574975ecbb2d23c80ed1eab4932ab0a72343"
url = "https://github.com/zizmorcore/zizmor/releases/download/v1.30.0/zizmor-x86_64-apple-darwin.tar.gz"
url_api = "https://api.github.com/repos/zizmorcore/zizmor/releases/assets/537081736"
provenance = "github-attestations"
