# @generated - this file is auto-generated by `mise lock` https://mise.jdx.dev/dev-tools/mise-lock.html

lockfile_version = 1

[[tools.actionlint]]
version = "1.7.12"
backend = "aqua:rhysd/actionlint"
specifiers = ["1.7.12"]

[[tools."aqua:grafana/flint"]]
version = "0.22.11"
backend = "aqua:grafana/flint"
specifiers = ["0.22.11"]

[[tools."aqua:owenlamont/ryl"]]
version = "0.22.0"
backend = "aqua:owenlamont/ryl"
specifiers = ["0.22.0"]

[[tools.biome]]
version = "2.5.12"
backend = "aqua:biomejs/biome"
specifiers = ["2.5.12"]

[[tools.hk]]
version = "1.58.1"
backend = "aqua:jdx/hk"
specifiers = ["1.58.1"]

[[tools.node]]
version = "24.20.0"
backend = "core:node"
specifiers = ["24.20.0"]

[[tools."npm:doctoc"]]
version = "2.5.0"
backend = "npm:doctoc"
specifiers = ["2.5.0"]

[[tools.rumdl]]
version = "0.2.68"
backend = "aqua:rvben/rumdl"
specifiers = ["0.2.68"]

[[tools.shellcheck]]
version = "0.11.0"
backend = "aqua:koalaman/shellcheck"
specifiers = ["0.11.0"]

[[tools.taplo]]
version = "0.10.0"
backend = "aqua:tamasfe/taplo"
specifiers = ["0.10.0"]

[[tools.zizmor]]
version = "1.30.0"
backend = "aqua:zizmorcore/zizmor"
specifiers = ["1.30.0"]
